
Microsoft Visual Studio Solution File, Format Version 12.00
# Visual Studio Version 16
VisualStudioVersion = 16.0.29613.14
MinimumVisualStudioVersion = 10.0.40219.1
Project("{FAE04EC0-301F-11D3-BF4B-00C04F79EFBC}") = "StoreWorkFlow", "StoreWorkFlow\StoreWorkFlow.csproj", "{93C87AE8-5FF6-4560-8328-9E9FA340C574}"
EndProject
Global
	GlobalSection(SolutionConfigurationPlatforms) = preSolution
		Debug|Any CPU = Debug|Any CPU
		Release|Any CPU = Release|Any CPU
	EndGlobalSection
	GlobalSection(ProjectConfigurationPlatforms) = postSolution
		{93C87AE8-5FF6-4560-8328-9E9FA340C574}.Debug|Any CPU.ActiveCfg = Debug|Any CPU
		{93C87AE8-5FF6-4560-8328-9E9FA340C574}.Debug|Any CPU.Build.0 = Debug|Any CPU
		{93C87AE8-5FF6-4560-8328-9E9FA340C574}.Release|Any CPU.ActiveCfg = Release|Any CPU
		{93C87AE8-5FF6-4560-8328-9E9FA340C574}.Release|Any CPU.Build.0 = Release|Any CPU
	EndGlobalSection
	GlobalSection(SolutionProperties) = preSolution
		HideSolutionNode = FALSE
	EndGlobalSection
	GlobalSection(ExtensibilityGlobals) = postSolution
		SolutionGuid = {D35D53F1-74BE-489A-82EA-B00E3E5CFF69}
	EndGlobalSection
EndGlobal
